
Microsoft Visual Studio Solution File, Format Version 12.00
# Visual Studio 15
VisualStudioVersion = 15.0.28307.421
MinimumVisualStudioVersion = 10.0.40219.1
Project("{FAE04EC0-301F-11D3-BF4B-00C04F79EFBC}") = "Engine", "Engine\Engine.csproj", "{A337BA2C-1A58-4284-83AB-7FF8E4425AD9}"
EndProject
Global
	GlobalSection(SolutionConfigurationPlatforms) = preSolution
		Debug|Any CPU = Debug|Any CPU
		Release|Any CPU = Release|Any CPU
	EndGlobalSection
	GlobalSection(ProjectConfigurationPlatforms) = postSolution
		{A337BA2C-1A58-4284-83AB-7FF8E4425AD9}.Debug|Any CPU.ActiveCfg = Debug|Any CPU
		{A337BA2C-1A58-4284-83AB-7FF8E4425AD9}.Debug|Any CPU.Build.0 = Debug|Any CPU
		{A337BA2C-1A58-4284-83AB-7FF8E4425AD9}.Release|Any CPU.ActiveCfg = Release|Any CPU
		{A337BA2C-1A58-4284-83AB-7FF8E4425AD9}.Release|Any CPU.Build.0 = Release|Any CPU
	EndGlobalSection
	GlobalSection(SolutionProperties) = preSolution
		HideSolutionNode = FALSE
	EndGlobalSection
	GlobalSection(ExtensibilityGlobals) = postSolution
		SolutionGuid = {ED3DF3D5-AA51-4420-918D-BD94659F0F82}
	EndGlobalSection
EndGlobal
